# This file is @generated by PDM.
# It is not intended for manual editing.

[metadata]
groups = ["default"]
strategy = ["cross_platform", "inherit_metadata"]
lock_version = "4.4.1"
content_hash = "sha256:034bfb2d038f48188dc664e917e0661b6872d6e1f8c537021a898afece7ff3c4"

[[package]]
name = "click"
version = "8.1.7"
requires_python = ">=3.7"
summary = "Composable command line interface toolkit"
groups = ["default"]
dependencies = [
    "colorama; platform_system == \"Windows\"",
]
files = [
    {file = "click-8.1.7-py3-none-any.whl", hash = "sha256:ae74fb96c20a0277a1d615f1e4d73c8414f5a98db8b799a7931d1582f3390c28"},
    {file = "click-8.1.7.tar.gz", hash = "sha256:ca9853ad459e787e2192211578cc907e7594e294c7ccc834310722b41b9ca6de"},
]

[[package]]
name = "colorama"
version = "0.4.6"
requires_python = "!=3.0.*,!=3.1.*,!=3.2.*,!=3.3.*,!=3.4.*,!=3.5.*,!=3.6.*,>=2.7"
summary = "Cross-platform colored terminal text."
groups = ["default"]
marker = "platform_system == \"Windows\""
files = [
    {file = "colorama-0.4.6-py2.py3-none-any.whl", hash = "sha256:4f1d9991f5acc0ca119f9d443620b77f9d6b33703e51011c16baf57afb285fc6"},
    {file = "colorama-0.4.6.tar.gz", hash = "sha256:08695f5cb7ed6e0531a20572697297273c47b8cae5a63ffc6d6ed5c201be6e44"},
]

[[package]]
name = "fastjsonschema"
version = "2.19.1"
summary = "Fastest Python implementation of JSON schema"
groups = ["default"]
files = [
    {file = "fastjsonschema-2.19.1-py3-none-any.whl", hash = "sha256:3672b47bc94178c9f23dbb654bf47440155d4db9df5f7bc47643315f9c405cd0"},
    {file = "fastjsonschema-2.19.1.tar.gz", hash = "sha256:e3126a94bdc4623d3de4485f8d468a12f02a67921315ddc87836d6e456dc789d"},
]

[[package]]
name = "ijson"
version = "3.2.3"
summary = "Iterative JSON parser with standard Python iterator interfaces"
groups = ["default"]
files = [
    {file = "ijson-3.2.3-cp310-cp310-macosx_10_9_universal2.whl", hash = "sha256:0a4ae076bf97b0430e4e16c9cb635a6b773904aec45ed8dcbc9b17211b8569ba"},
    {file = "ijson-3.2.3-cp310-cp310-macosx_10_9_x86_64.whl", hash = "sha256:cfced0a6ec85916eb8c8e22415b7267ae118eaff2a860c42d2cc1261711d0d31"},
    {file = "ijson-3.2.3-cp310-cp310-macosx_11_0_arm64.whl", hash = "sha256:0b9d1141cfd1e6d6643aa0b4876730d0d28371815ce846d2e4e84a2d4f471cf3"},
    {file = "ijson-3.2.3-cp310-cp310-manylinux_2_17_aarch64.manylinux2014_aarch64.whl", hash = "sha256:9e0a27db6454edd6013d40a956d008361aac5bff375a9c04ab11fc8c214250b5"},
    {file = "ijson-3.2.3-cp310-cp310-manylinux_2_17_i686.manylinux2014_i686.whl", hash = "sha256:3c0d526ccb335c3c13063c273637d8611f32970603dfb182177b232d01f14c23"},
    {file = "ijson-3.2.3-cp310-cp310-manylinux_2_17_x86_64.manylinux2014_x86_64.whl", hash = "sha256:545a30b3659df2a3481593d30d60491d1594bc8005f99600e1bba647bb44cbb5"},
    {file = "ijson-3.2.3-cp310-cp310-musllinux_1_1_aarch64.whl", hash = "sha256:9680e37a10fedb3eab24a4a7e749d8a73f26f1a4c901430e7aa81b5da15f7307"},
    {file = "ijson-3.2.3-cp310-cp310-musllinux_1_1_i686.whl", hash = "sha256:2a80c0bb1053055d1599e44dc1396f713e8b3407000e6390add72d49633ff3bb"},
    {file = "ijson-3.2.3-cp310-cp310-musllinux_1_1_x86_64.whl", hash = "sha256:f05ed49f434ce396ddcf99e9fd98245328e99f991283850c309f5e3182211a79"},
    {file = "ijson-3.2.3-cp310-cp310-win32.whl", hash = "sha256:b4eb2304573c9fdf448d3fa4a4fdcb727b93002b5c5c56c14a5ffbbc39f64ae4"},
    {file = "ijson-3.2.3-cp310-cp310-win_amd64.whl", hash = "sha256:923131f5153c70936e8bd2dd9dcfcff43c67a3d1c789e9c96724747423c173eb"},
    {file = "ijson-3.2.3-cp311-cp311-macosx_10_9_universal2.whl", hash = "sha256:904f77dd3d87736ff668884fe5197a184748eb0c3e302ded61706501d0327465"},
    {file = "ijson-3.2.3-cp311-cp311-macosx_10_9_x86_64.whl", hash = "sha256:0974444c1f416e19de1e9f567a4560890095e71e81623c509feff642114c1e53"},
    {file = "ijson-3.2.3-cp311-cp311-macosx_11_0_arm64.whl", hash = "sha256:c1a4b8eb69b6d7b4e94170aa991efad75ba156b05f0de2a6cd84f991def12ff9"},
    {file = "ijson-3.2.3-cp311-cp311-manylinux_2_17_aarch64.manylinux2014_aarch64.whl", hash = "sha256:d052417fd7ce2221114f8d3b58f05a83c1a2b6b99cafe0b86ac9ed5e2fc889df"},
    {file = "ijson-3.2.3-cp311-cp311-manylinux_2_17_i686.manylinux2014_i686.whl", hash = "sha256:7b8064a85ec1b0beda7dd028e887f7112670d574db606f68006c72dd0bb0e0e2"},
    {file = "ijson-3.2.3-cp311-cp311-manylinux_2_17_x86_64.manylinux2014_x86_64.whl", hash = "sha256:eaac293853f1342a8d2a45ac1f723c860f700860e7743fb97f7b76356df883a8"},
    {file = "ijson-3.2.3-cp311-cp311-musllinux_1_1_aarch64.whl", hash = "sha256:6c32c18a934c1dc8917455b0ce478fd7a26c50c364bd52c5a4fb0fc6bb516af7"},
    {file = "ijson-3.2.3-cp311-cp311-musllinux_1_1_i686.whl", hash = "sha256:713a919e0220ac44dab12b5fed74f9130f3480e55e90f9d80f58de129ea24f83"},
    {file = "ijson-3.2.3-cp311-cp311-musllinux_1_1_x86_64.whl", hash = "sha256:4a3a6a2fbbe7550ffe52d151cf76065e6b89cfb3e9d0463e49a7e322a25d0426"},
    {file = "ijson-3.2.3-cp311-cp311-win32.whl", hash = "sha256:6a4db2f7fb9acfb855c9ae1aae602e4648dd1f88804a0d5cfb78c3639bcf156c"},
    {file = "ijson-3.2.3-cp311-cp311-win_amd64.whl", hash = "sha256:ccd6be56335cbb845f3d3021b1766299c056c70c4c9165fb2fbe2d62258bae3f"},
    {file = "ijson-3.2.3-cp312-cp312-macosx_10_9_universal2.whl", hash = "sha256:055b71bbc37af5c3c5861afe789e15211d2d3d06ac51ee5a647adf4def19c0ea"},
    {file = "ijson-3.2.3-cp312-cp312-macosx_10_9_x86_64.whl", hash = "sha256:c075a547de32f265a5dd139ab2035900fef6653951628862e5cdce0d101af557"},
    {file = "ijson-3.2.3-cp312-cp312-macosx_11_0_arm64.whl", hash = "sha256:457f8a5fc559478ac6b06b6d37ebacb4811f8c5156e997f0d87d708b0d8ab2ae"},
    {file = "ijson-3.2.3-cp312-cp312-manylinux_2_17_aarch64.manylinux2014_aarch64.whl", hash = "sha256:9788f0c915351f41f0e69ec2618b81ebfcf9f13d9d67c6d404c7f5afda3e4afb"},
    {file = "ijson-3.2.3-cp312-cp312-manylinux_2_17_i686.manylinux2014_i686.whl", hash = "sha256:fa234ab7a6a33ed51494d9d2197fb96296f9217ecae57f5551a55589091e7853"},
    {file = "ijson-3.2.3-cp312-cp312-manylinux_2_17_x86_64.manylinux2014_x86_64.whl", hash = "sha256:bdd0dc5da4f9dc6d12ab6e8e0c57d8b41d3c8f9ceed31a99dae7b2baf9ea769a"},
    {file = "ijson-3.2.3-cp312-cp312-musllinux_1_1_aarch64.whl", hash = "sha256:c6beb80df19713e39e68dc5c337b5c76d36ccf69c30b79034634e5e4c14d6904"},
    {file = "ijson-3.2.3-cp312-cp312-musllinux_1_1_i686.whl", hash = "sha256:a2973ce57afb142d96f35a14e9cfec08308ef178a2c76b8b5e1e98f3960438bf"},
    {file = "ijson-3.2.3-cp312-cp312-musllinux_1_1_x86_64.whl", hash = "sha256:105c314fd624e81ed20f925271ec506523b8dd236589ab6c0208b8707d652a0e"},
    {file = "ijson-3.2.3-cp312-cp312-win32.whl", hash = "sha256:ac44781de5e901ce8339352bb5594fcb3b94ced315a34dbe840b4cff3450e23b"},
    {file = "ijson-3.2.3-cp312-cp312-win_amd64.whl", hash = "sha256:0567e8c833825b119e74e10a7c29761dc65fcd155f5d4cb10f9d3b8916ef9912"},
    {file = "ijson-3.2.3-cp39-cp39-macosx_10_9_universal2.whl", hash = "sha256:9c2a12dcdb6fa28f333bf10b3a0f80ec70bc45280d8435be7e19696fab2bc706"},
    {file = "ijson-3.2.3-cp39-cp39-macosx_10_9_x86_64.whl", hash = "sha256:1844c5b57da21466f255a0aeddf89049e730d7f3dfc4d750f0e65c36e6a61a7c"},
    {file = "ijson-3.2.3-cp39-cp39-macosx_11_0_arm64.whl", hash = "sha256:2ec3e5ff2515f1c40ef6a94983158e172f004cd643b9e4b5302017139b6c96e4"},
    {file = "ijson-3.2.3-cp39-cp39-manylinux_2_17_aarch64.manylinux2014_aarch64.whl", hash = "sha256:46bafb1b9959872a1f946f8dd9c6f1a30a970fc05b7bfae8579da3f1f988e598"},
    {file = "ijson-3.2.3-cp39-cp39-manylinux_2_17_i686.manylinux2014_i686.whl", hash = "sha256:ab4db9fee0138b60e31b3c02fff8a4c28d7b152040553b6a91b60354aebd4b02"},
    {file = "ijson-3.2.3-cp39-cp39-manylinux_2_17_x86_64.manylinux2014_x86_64.whl", hash = "sha256:f4bc87e69d1997c6a55fff5ee2af878720801ff6ab1fb3b7f94adda050651e37"},
    {file = "ijson-3.2.3-cp39-cp39-musllinux_1_1_aarch64.whl", hash = "sha256:e9fd906f0c38e9f0bfd5365e1bed98d649f506721f76bb1a9baa5d7374f26f19"},
    {file = "ijson-3.2.3-cp39-cp39-musllinux_1_1_i686.whl", hash = "sha256:e84d27d1acb60d9102728d06b9650e5b7e5cb0631bd6e3dfadba8fb6a80d6c2f"},
    {file = "ijson-3.2.3-cp39-cp39-musllinux_1_1_x86_64.whl", hash = "sha256:2cc04fc0a22bb945cd179f614845c8b5106c0b3939ee0d84ce67c7a61ac1a936"},
    {file = "ijson-3.2.3-cp39-cp39-win32.whl", hash = "sha256:e641814793a037175f7ec1b717ebb68f26d89d82cfd66f36e588f32d7e488d5f"},
    {file = "ijson-3.2.3-cp39-cp39-win_amd64.whl", hash = "sha256:6bd3e7e91d031f1e8cea7ce53f704ab74e61e505e8072467e092172422728b22"},
    {file = "ijson-3.2.3-pp37-pypy37_pp73-macosx_10_9_x86_64.whl", hash = "sha256:06f9707da06a19b01013f8c65bf67db523662a9b4a4ff027e946e66c261f17f0"},
    {file = "ijson-3.2.3-pp37-pypy37_pp73-manylinux_2_17_aarch64.manylinux2014_aarch64.whl", hash = "sha256:be8495f7c13fa1f622a2c6b64e79ac63965b89caf664cc4e701c335c652d15f2"},
    {file = "ijson-3.2.3-pp37-pypy37_pp73-manylinux_2_17_i686.manylinux2014_i686.whl", hash = "sha256:7596b42f38c3dcf9d434dddd50f46aeb28e96f891444c2b4b1266304a19a2c09"},
    {file = "ijson-3.2.3-pp37-pypy37_pp73-manylinux_2_17_x86_64.manylinux2014_x86_64.whl", hash = "sha256:fbac4e9609a1086bbad075beb2ceec486a3b138604e12d2059a33ce2cba93051"},
    {file = "ijson-3.2.3-pp37-pypy37_pp73-win_amd64.whl", hash = "sha256:db2d6341f9cb538253e7fe23311d59252f124f47165221d3c06a7ed667ecd595"},
    {file = "ijson-3.2.3-pp38-pypy38_pp73-macosx_10_9_x86_64.whl", hash = "sha256:fa8b98be298efbb2588f883f9953113d8a0023ab39abe77fe734b71b46b1220a"},
    {file = "ijson-3.2.3-pp38-pypy38_pp73-manylinux_2_17_aarch64.manylinux2014_aarch64.whl", hash = "sha256:674e585361c702fad050ab4c153fd168dc30f5980ef42b64400bc84d194e662d"},
    {file = "ijson-3.2.3-pp38-pypy38_pp73-manylinux_2_17_i686.manylinux2014_i686.whl", hash = "sha256:fd12e42b9cb9c0166559a3ffa276b4f9fc9d5b4c304e5a13668642d34b48b634"},
    {file = "ijson-3.2.3-pp38-pypy38_pp73-manylinux_2_17_x86_64.manylinux2014_x86_64.whl", hash = "sha256:d31e0d771d82def80cd4663a66de277c3b44ba82cd48f630526b52f74663c639"},
    {file = "ijson-3.2.3-pp38-pypy38_pp73-win_amd64.whl", hash = "sha256:7ce4c70c23521179d6da842bb9bc2e36bb9fad1e0187e35423ff0f282890c9ca"},
    {file = "ijson-3.2.3-pp39-pypy39_pp73-macosx_10_9_x86_64.whl", hash = "sha256:39f551a6fbeed4433c85269c7c8778e2aaea2501d7ebcb65b38f556030642c17"},
    {file = "ijson-3.2.3-pp39-pypy39_pp73-manylinux_2_17_aarch64.manylinux2014_aarch64.whl", hash = "sha256:3b14d322fec0de7af16f3ef920bf282f0dd747200b69e0b9628117f381b7775b"},
    {file = "ijson-3.2.3-pp39-pypy39_pp73-manylinux_2_17_i686.manylinux2014_i686.whl", hash = "sha256:7851a341429b12d4527ca507097c959659baf5106c7074d15c17c387719ffbcd"},
    {file = "ijson-3.2.3-pp39-pypy39_pp73-manylinux_2_17_x86_64.manylinux2014_x86_64.whl", hash = "sha256:db3bf1b42191b5cc9b6441552fdcb3b583594cb6b19e90d1578b7cbcf80d0fae"},
    {file = "ijson-3.2.3-pp39-pypy39_pp73-win_amd64.whl", hash = "sha256:6f662dc44362a53af3084d3765bb01cd7b4734d1f484a6095cad4cb0cbfe5374"},
    {file = "ijson-3.2.3.tar.gz", hash = "sha256:10294e9bf89cb713da05bc4790bdff616610432db561964827074898e174f917"},
]

[[package]]
name = "json-arrays"
version = "0.14.1"
requires_python = ">=3.9"
summary = "Stream JSON and JSON-Lines lazily."
groups = ["default"]
dependencies = [
    "ijson>=3.2.3",
]
files = [
    {file = "json_arrays-0.14.1-py3-none-any.whl", hash = "sha256:c52b1a7afee2de05d37ea9e43e6b3079d930ab8bf6ae0294792a2d9e97d05b84"},
    {file = "json_arrays-0.14.1.tar.gz", hash = "sha256:fcfacbcc5c8b8dcee0b2c9f6766371da74d6e897de01a6828c2e475c7ca818e1"},
]

[[package]]
name = "markdown-it-py"
version = "3.0.0"
requires_python = ">=3.8"
summary = "Python port of markdown-it. Markdown parsing, done right!"
groups = ["default"]
dependencies = [
    "mdurl~=0.1",
]
files = [
    {file = "markdown-it-py-3.0.0.tar.gz", hash = "sha256:e3f60a94fa066dc52ec76661e37c851cb232d92f9886b15cb560aaada2df8feb"},
    {file = "markdown_it_py-3.0.0-py3-none-any.whl", hash = "sha256:355216845c60bd96232cd8d8c40e8f9765cc86f46880e43a8fd22dc1a1a8cab1"},
]

[[package]]
name = "mdurl"
version = "0.1.2"
requires_python = ">=3.7"
summary = "Markdown URL utilities"
groups = ["default"]
files = [
    {file = "mdurl-0.1.2-py3-none-any.whl", hash = "sha256:84008a41e51615a49fc9966191ff91509e3c40b939176e643fd50a5c2196b8f8"},
    {file = "mdurl-0.1.2.tar.gz", hash = "sha256:bb413d29f5eea38f31dd4754dd7377d4465116fb207585f97bf925588687c1ba"},
]

[[package]]
name = "pygments"
version = "2.18.0"
requires_python = ">=3.8"
summary = "Pygments is a syntax highlighting package written in Python."
groups = ["default"]
files = [
    {file = "pygments-2.18.0-py3-none-any.whl", hash = "sha256:b8e6aca0523f3ab76fee51799c488e38782ac06eafcf95e7ba832985c8e7b13a"},
    {file = "pygments-2.18.0.tar.gz", hash = "sha256:786ff802f32e91311bff3889f6e9a86e81505fe99f2735bb6d60ae0c5004f199"},
]

[[package]]
name = "rich"
version = "13.7.1"
requires_python = ">=3.7.0"
summary = "Render rich text, tables, progress bars, syntax highlighting, markdown and more to the terminal"
groups = ["default"]
dependencies = [
    "markdown-it-py>=2.2.0",
    "pygments<3.0.0,>=2.13.0",
]
files = [
    {file = "rich-13.7.1-py3-none-any.whl", hash = "sha256:4edbae314f59eb482f54e9e30bf00d33350aaa94f4bfcd4e9e3110e64d0d7222"},
    {file = "rich-13.7.1.tar.gz", hash = "sha256:9be308cb1fe2f1f57d67ce99e95af38a1e2bc71ad9813b0e247cf7ffbcc3a432"},
]

[[package]]
name = "shellingham"
version = "1.5.4"
requires_python = ">=3.7"
summary = "Tool to Detect Surrounding Shell"
groups = ["default"]
files = [
    {file = "shellingham-1.5.4-py2.py3-none-any.whl", hash = "sha256:7ecfff8f2fd72616f7481040475a65b2bf8af90a56c89140852d1120324e8686"},
    {file = "shellingham-1.5.4.tar.gz", hash = "sha256:8dbca0739d487e5bd35ab3ca4b36e11c4078f3a234bfce294b0a0291363404de"},
]

[[package]]
name = "typer"
version = "0.12.3"
requires_python = ">=3.7"
summary = "Typer, build great CLIs. Easy to code. Based on Python type hints."
groups = ["default"]
dependencies = [
    "click>=8.0.0",
    "rich>=10.11.0",
    "shellingham>=1.3.0",
    "typing-extensions>=3.7.4.3",
]
files = [
    {file = "typer-0.12.3-py3-none-any.whl", hash = "sha256:070d7ca53f785acbccba8e7d28b08dcd88f79f1fbda035ade0aecec71ca5c914"},
    {file = "typer-0.12.3.tar.gz", hash = "sha256:49e73131481d804288ef62598d97a1ceef3058905aa536a1134f90891ba35482"},
]

[[package]]
name = "typing-extensions"
version = "4.11.0"
requires_python = ">=3.8"
summary = "Backported and Experimental Type Hints for Python 3.8+"
groups = ["default"]
files = [
    {file = "typing_extensions-4.11.0-py3-none-any.whl", hash = "sha256:c1f94d72897edaf4ce775bb7558d5b79d8126906a14ea5ed1635921406c0387a"},
    {file = "typing_extensions-4.11.0.tar.gz", hash = "sha256:83f085bd5ca59c80295fc2a82ab5dac679cbe02b9f33f7d83af68e241bea51b0"},
]
